
Microsoft Visual Studio Solution File, Format Version 12.00
# Visual Studio Version 17
VisualStudioVersion = 17.7.34024.191
MinimumVisualStudioVersion = 10.0.40219.1
Project("{FAE04EC0-301F-11D3-BF4B-00C04F79EFBC}") = "LegajosApp", "LegajosApp\LegajosApp.csproj", "{0DE54463-6315-474A-9567-BA0B8BDBE131}"
EndProject
Project("{FAE04EC0-301F-11D3-BF4B-00C04F79EFBC}") = "LegajosAppTests1", "LegajosAppTests1\LegajosAppTests1.csproj", "{FD907145-03B2-46A4-B7A0-3EEED47EE1E4}"
EndProject
Global
	GlobalSection(SolutionConfigurationPlatforms) = preSolution
		Debug|Any CPU = Debug|Any CPU
		Release|Any CPU = Release|Any CPU
	EndGlobalSection
	GlobalSection(ProjectConfigurationPlatforms) = postSolution
		{0DE54463-6315-474A-9567-BA0B8BDBE131}.Debug|Any CPU.ActiveCfg = Debug|Any CPU
		{0DE54463-6315-474A-9567-BA0B8BDBE131}.Debug|Any CPU.Build.0 = Debug|Any CPU
		{0DE54463-6315-474A-9567-BA0B8BDBE131}.Release|Any CPU.ActiveCfg = Release|Any CPU
		{0DE54463-6315-474A-9567-BA0B8BDBE131}.Release|Any CPU.Build.0 = Release|Any CPU
		{FD907145-03B2-46A4-B7A0-3EEED47EE1E4}.Debug|Any CPU.ActiveCfg = Debug|Any CPU
		{FD907145-03B2-46A4-B7A0-3EEED47EE1E4}.Debug|Any CPU.Build.0 = Debug|Any CPU
		{FD907145-03B2-46A4-B7A0-3EEED47EE1E4}.Release|Any CPU.ActiveCfg = Release|Any CPU
		{FD907145-03B2-46A4-B7A0-3EEED47EE1E4}.Release|Any CPU.Build.0 = Release|Any CPU
	EndGlobalSection
	GlobalSection(SolutionProperties) = preSolution
		HideSolutionNode = FALSE
	EndGlobalSection
	GlobalSection(ExtensibilityGlobals) = postSolution
		SolutionGuid = {31120E8C-F843-4BBB-A79A-4E52455ECD25}
	EndGlobalSection
EndGlobal
